<?xml version="1.0" encoding="utf-8"?>
<Project ToolsVersion="4.0" xmlns="http://schemas.microsoft.com/developer/msbuild/2003">
  <ItemGroup>
    <ClCompile Include="AssetManager.cpp">
      <Filter>Source Files\Systems</Filter>
    </ClCompile>
    <ClCompile Include="CircleCollider.cpp">
      <Filter>Source Files\Components</Filter>
    </ClCompile>
    <ClCompile Include="CollisionSystem.cpp">
      <Filter>Source Files\Systems</Filter>
    </ClCompile>
    <ClCompile Include="Component.cpp">
      <Filter>Source Files\Components</Filter>
    </ClCompile>
    <ClCompile Include="CRtti.cpp">
      <Filter>Source Files\Core</Filter>
    </ClCompile>
    <ClCompile Include="FileSystem.cpp">
      <Filter>Source Files\Systems</Filter>
    </ClCompile>
    <ClCompile Include="GameEngine.cpp">
      <Filter>Source Files\Core</Filter>
    </ClCompile>
    <ClCompile Include="GameObject.cpp">
      <Filter>Source Files\Core</Filter>
    </ClCompile>
    <ClCompile Include="ICollidable.cpp">
      <Filter>Source Files\Aspects</Filter>
    </ClCompile>
    <ClCompile Include="IRenderable.cpp">
      <Filter>Source Files\Aspects</Filter>
    </ClCompile>
    <ClCompile Include="ISystem.cpp">
      <Filter>Source Files\Core</Filter>
    </ClCompile>
    <ClCompile Include="GameObjectManager.cpp">
      <Filter>Source Files\Systems</Filter>
    </ClCompile>
    <ClCompile Include="InputManager.cpp">
      <Filter>Source Files\Systems</Filter>
    </ClCompile>
    <ClCompile Include="json.cpp">
      <Filter>Source Files\Core</Filter>
    </ClCompile>
    <ClCompile Include="mersenne.cpp">
      <Filter>Source Files\Core</Filter>
    </ClCompile>
    <ClCompile Include="Object.cpp">
      <Filter>Source Files\Core</Filter>
    </ClCompile>
    <ClCompile Include="PolygonCollider.cpp">
      <Filter>Source Files\Components</Filter>
    </ClCompile>
    <ClCompile Include="registerClasses.cpp">
      <Filter>Source Files\Core</Filter>
    </ClCompile>
    <ClCompile Include="RenderSystem.cpp">
      <Filter>Source Files\Systems</Filter>
    </ClCompile>
    <ClCompile Include="RigidBody.cpp">
      <Filter>Source Files\Components</Filter>
    </ClCompile>
    <ClCompile Include="Sprite.cpp">
      <Filter>Source Files\Components</Filter>
    </ClCompile>
    <ClCompile Include="Transform.cpp">
      <Filter>Source Files\Components</Filter>
    </ClCompile>
    <ClCompile Include="Animation.cpp">
      <Filter>Source Files\Components</Filter>
    </ClCompile>
    <ClCompile Include="Animator.cpp">
      <Filter>Source Files\Components</Filter>
    </ClCompile>
    <ClCompile Include="Camera.cpp">
      <Filter>Source Files\Components</Filter>
    </ClCompile>
    <ClCompile Include="Text.cpp">
      <Filter>Source Files\Components</Filter>
    </ClCompile>
    <ClCompile Include="AudioAsset.cpp">
      <Filter>Source Files\Assets</Filter>
    </ClCompile>
    <ClCompile Include="FontAsset.cpp">
      <Filter>Source Files\Assets</Filter>
    </ClCompile>
    <ClCompile Include="PrefabAsset.cpp">
      <Filter>Source Files\Assets</Filter>
    </ClCompile>
    <ClCompile Include="TextureAsset.cpp">
      <Filter>Source Files\Assets</Filter>
    </ClCompile>
    <ClCompile Include="Asset.cpp">
      <Filter>Source Files\Assets</Filter>
    </ClCompile>
  </ItemGroup>
  <ItemGroup>
    <ClInclude Include="ICollidable.h">
      <Filter>Header Files\Aspects</Filter>
    </ClInclude>
    <ClInclude Include="IRenderable.h">
      <Filter>Header Files\Aspects</Filter>
    </ClInclude>
    <ClInclude Include="CircleCollider.h">
      <Filter>Header Files\Components</Filter>
    </ClInclude>
    <ClInclude Include="Component.h">
      <Filter>Header Files\Components</Filter>
    </ClInclude>
    <ClInclude Include="PolygonCollider.h">
      <Filter>Header Files\Components</Filter>
    </ClInclude>
    <ClInclude Include="RigidBody.h">
      <Filter>Header Files\Components</Filter>
    </ClInclude>
    <ClInclude Include="Sprite.h">
      <Filter>Header Files\Components</Filter>
    </ClInclude>
    <ClInclude Include="Transform.h">
      <Filter>Header Files\Components</Filter>
    </ClInclude>
    <ClInclude Include="AssetManager.h">
      <Filter>Header Files\Systems</Filter>
    </ClInclude>
    <ClInclude Include="CollisionSystem.h">
      <Filter>Header Files\Systems</Filter>
    </ClInclude>
    <ClInclude Include="FileSystem.h">
      <Filter>Header Files\Systems</Filter>
    </ClInclude>
    <ClInclude Include="GameObjectManager.h">
      <Filter>Header Files\Systems</Filter>
    </ClInclude>
    <ClInclude Include="InputManager.h">
      <Filter>Header Files\Systems</Filter>
    </ClInclude>
    <ClInclude Include="RenderSystem.h">
      <Filter>Header Files\Systems</Filter>
    </ClInclude>
    <ClInclude Include="Core.h">
      <Filter>Header Files\Core</Filter>
    </ClInclude>
    <ClInclude Include="CRtti.h">
      <Filter>Header Files\Core</Filter>
    </ClInclude>
    <ClInclude Include="GameEngine.h">
      <Filter>Header Files\Core</Filter>
    </ClInclude>
    <ClInclude Include="GameObject.h">
      <Filter>Header Files\Core</Filter>
    </ClInclude>
    <ClInclude Include="ISystem.h">
      <Filter>Header Files\Core</Filter>
    </ClInclude>
    <ClInclude Include="json.hpp">
      <Filter>Header Files\Core</Filter>
    </ClInclude>
    <ClInclude Include="Object.h">
      <Filter>Header Files\Core</Filter>
    </ClInclude>
    <ClInclude Include="randomc.h">
      <Filter>Header Files\Core</Filter>
    </ClInclude>
    <ClInclude Include="StandardTypes.h">
      <Filter>Header Files\Core</Filter>
    </ClInclude>
    <ClInclude Include="Animation.h">
      <Filter>Header Files\Components</Filter>
    </ClInclude>
    <ClInclude Include="Animator.h">
      <Filter>Header Files\Components</Filter>
    </ClInclude>
    <ClInclude Include="Camera.h">
      <Filter>Header Files\Components</Filter>
    </ClInclude>
    <ClInclude Include="Text.h">
      <Filter>Header Files\Components</Filter>
    </ClInclude>
    <ClInclude Include="AudioAsset.h">
      <Filter>Header Files\Assets</Filter>
    </ClInclude>
    <ClInclude Include="FontAsset.h">
      <Filter>Header Files\Assets</Filter>
    </ClInclude>
    <ClInclude Include="PrefabAsset.h">
      <Filter>Header Files\Assets</Filter>
    </ClInclude>
    <ClInclude Include="TextureAsset.h">
      <Filter>Header Files\Assets</Filter>
    </ClInclude>
    <ClInclude Include="Asset.h">
      <Filter>Header Files\Assets</Filter>
    </ClInclude>
  </ItemGroup>
  <ItemGroup>
    <Filter Include="Header Files">
      <UniqueIdentifier>{51eb7fde-648b-421a-91a2-66b3ec6c489c}</UniqueIdentifier>
    </Filter>
    <Filter Include="Source Files">
      <UniqueIdentifier>{e55c3222-2313-46d2-99e4-d9b6b3601aec}</UniqueIdentifier>
    </Filter>
    <Filter Include="Resources">
      <UniqueIdentifier>{81687c8d-102a-4f4e-9455-f63f4ce73042}</UniqueIdentifier>
    </Filter>
    <Filter Include="Header Files\Aspects">
      <UniqueIdentifier>{410defc5-37a2-41fa-a4f8-b39212dffa78}</UniqueIdentifier>
    </Filter>
    <Filter Include="Header Files\Components">
      <UniqueIdentifier>{5cdc23dd-2399-47c1-8eb1-b45c84c160c0}</UniqueIdentifier>
    </Filter>
    <Filter Include="Header Files\Core">
      <UniqueIdentifier>{692d9bb8-515d-40a1-80b5-16f8fb07ea5a}</UniqueIdentifier>
    </Filter>
    <Filter Include="Header Files\Systems">
      <UniqueIdentifier>{05db4cd6-775c-4c7a-bdba-ec490d42b276}</UniqueIdentifier>
    </Filter>
    <Filter Include="Source Files\Core">
      <UniqueIdentifier>{56a587ce-70ab-429f-8e74-3bdd052bc2b9}</UniqueIdentifier>
    </Filter>
    <Filter Include="Source Files\Systems">
      <UniqueIdentifier>{92078f2d-911b-4898-ad77-61c235a13759}</UniqueIdentifier>
    </Filter>
    <Filter Include="Source Files\Aspects">
      <UniqueIdentifier>{dfa5601c-d02b-4b9b-9d61-2bb62c9b7089}</UniqueIdentifier>
    </Filter>
    <Filter Include="Source Files\Components">
      <UniqueIdentifier>{39e789ef-35a7-448e-a419-651d82612723}</UniqueIdentifier>
    </Filter>
    <Filter Include="Header Files\Assets">
      <UniqueIdentifier>{c296bd9e-a277-4224-9ccf-3c604f8993b2}</UniqueIdentifier>
    </Filter>
    <Filter Include="Source Files\Assets">
      <UniqueIdentifier>{1a2c6535-d783-499e-bd98-5a4af40ce46f}</UniqueIdentifier>
    </Filter>
  </ItemGroup>
  <ItemGroup>
    <None Include="cpp.hint">
      <Filter>Source Files</Filter>
    </None>
  </ItemGroup>
</Project>